[[package]]
category = "main"
description = "A pluggable API specification generator. Currently supports the OpenAPI Specification (f.k.a. the Swagger specification)."
name = "apispec"
optional = false
python-versions = "*"
version = "1.1.1"

[package.extras]
dev = ["PyYAML (>=3.10)", "prance (>=0.11)", "marshmallow (2.19.2)", "pytest", "mock", "flake8 (3.7.7)", "pre-commit (1.15.1)", "tox", "flake8-bugbear (19.3.0)"]
lint = ["flake8 (3.7.7)", "pre-commit (1.15.1)", "flake8-bugbear (19.3.0)"]
tests = ["PyYAML (>=3.10)", "prance (>=0.11)", "marshmallow (2.19.2)", "pytest", "mock"]
validation = ["prance (>=0.11)"]
webframeworks-tests = ["apispec-webframeworks (>=0.3.0)"]
yaml = ["PyYAML (>=3.10)"]

[[package]]
category = "dev"
description = "Disable App Nap on OS X 10.9"
marker = "python_version >= \"3.4\" and sys_platform == \"darwin\" or sys_platform == \"darwin\""
name = "appnope"
optional = false
python-versions = "*"
version = "0.1.0"

[[package]]
category = "dev"
description = "Atomic file writes."
name = "atomicwrites"
optional = false
python-versions = ">=2.7, !=3.0.*, !=3.1.*, !=3.2.*, !=3.3.*"
version = "1.3.0"

[[package]]
category = "dev"
description = "Classes Without Boilerplate"
name = "attrs"
optional = false
python-versions = ">=2.7, !=3.0.*, !=3.1.*, !=3.2.*, !=3.3.*"
version = "19.1.0"

[package.extras]
dev = ["coverage", "hypothesis", "pympler", "pytest", "six", "zope.interface", "sphinx", "pre-commit"]
docs = ["sphinx", "zope.interface"]
tests = ["coverage", "hypothesis", "pympler", "pytest", "six", "zope.interface"]

[[package]]
category = "dev"
description = "Specifications for callback functions passed in to an API"
name = "backcall"
optional = false
python-versions = "*"
version = "0.1.0"

[[package]]
category = "main"
description = "Composable command line interface toolkit"
name = "click"
optional = false
python-versions = ">=2.7, !=3.0.*, !=3.1.*, !=3.2.*, !=3.3.*"
version = "7.0"

[[package]]
category = "dev"
description = "Cross-platform colored terminal text."
marker = "python_version >= \"3.4\" and sys_platform == \"win32\" or sys_platform == \"win32\""
name = "colorama"
optional = false
python-versions = ">=2.7, !=3.0.*, !=3.1.*, !=3.2.*, !=3.3.*"
version = "0.4.1"

[[package]]
category = "dev"
description = "Better living through Python with decorators"
name = "decorator"
optional = false
python-versions = ">=2.6, !=3.0.*, !=3.1.*"
version = "4.4.0"

[[package]]
category = "main"
description = "A simple framework for building complex web applications."
name = "flask"
optional = false
python-versions = "*"
version = "1.0.2"

[package.dependencies]
Jinja2 = ">=2.10"
Werkzeug = ">=0.14"
click = ">=5.1"
itsdangerous = ">=0.24"

[package.extras]
dev = ["pytest (>=3)", "coverage", "tox", "sphinx", "pallets-sphinx-themes", "sphinxcontrib-log-cabinet"]
docs = ["sphinx", "pallets-sphinx-themes", "sphinxcontrib-log-cabinet"]
dotenv = ["python-dotenv"]

[[package]]
category = "main"
description = "Simple and extensible admin interface framework for Flask"
name = "flask-admin"
optional = false
python-versions = "*"
version = "1.5.3"

[package.dependencies]
Flask = ">=0.7"
wtforms = "*"

[package.extras]
aws = ["boto"]
azure = ["azure-storage-blob"]

[[package]]
category = "main"
description = "A Flask extension adding a decorator for CORS support"
name = "flask-cors"
optional = false
python-versions = "*"
version = "3.0.7"

[package.dependencies]
Flask = ">=0.9"
Six = "*"

[[package]]
category = "main"
description = "A flask extension that provides one application programming interface to read and write data in different excel file formats"
name = "flask-excel"
optional = false
python-versions = "*"
version = "0.0.7"

[package.dependencies]
Flask = ">=0.10.1"
pyexcel-webio = ">=0.1.2"

[package.extras]
ods = ["pyexcel-ods3 (>=0.4.0)"]
xls = ["pyexcel-xls (>=0.4.0)"]
xlsx = ["pyexcel-xlsx (>=0.4.0)"]

[[package]]
category = "main"
description = "Extended JWT integration with Flask"
name = "flask-jwt-extended"
optional = false
python-versions = "*"
version = "3.18.0"

[package.dependencies]
Flask = "*"
PyJWT = "*"
Werkzeug = ">=0.14"
six = "*"

[package.extras]
asymmetric_crypto = ["cryptography (>=2.3)"]

[[package]]
category = "main"
description = "Build a REST API with Flask"
name = "flask-rest-api"
optional = false
python-versions = "*"
version = "0.14.0"

[package.dependencies]
apispec = ">=1.0.0"
flask = ">=1.0"
marshmallow = ">=2.15.2"
webargs = ">=1.5.2"
werkzeug = ">=0.11"

[package.source]
reference = "b1d93f792b274f636af82b117e0e5d9a31de3ef0"
type = "git"
url = 'https://github.com/ssfdust/flask-rest-api.git'
[[package]]
category = "dev"
description = "Replace default `flask shell` command by similar command running IPython."
name = "flask-shell-ipython"
optional = false
python-versions = "*"
version = "0.4.0"

[package.dependencies]
IPython = ">=5.0.0"
click = "*"
flask = ">=1.0"

[[package]]
category = "main"
description = "Adds SQLAlchemy support to your Flask application"
name = "flask-sqlalchemy"
optional = false
python-versions = "*"
version = "2.3.2"

[package.dependencies]
Flask = ">=0.10"
SQLAlchemy = ">=0.8.0"

[[package]]
category = "dev"
description = "Lightweight in-process concurrent programming"
name = "greenlet"
optional = false
python-versions = "*"
version = "0.4.15"

[[package]]
category = "dev"
description = "IPython-enabled pdb"
name = "ipdb"
optional = false
python-versions = ">=2.7"
version = "0.12"

[package.dependencies]
setuptools = "*"

[package.dependencies.ipython]
python = ">=3.4"
version = ">=5.1.0"

[[package]]
category = "dev"
description = "IPython: Productive Interactive Computing"
name = "ipython"
optional = false
python-versions = ">=3.5"
version = "7.4.0"

[package.dependencies]
appnope = "*"
backcall = "*"
colorama = "*"
decorator = "*"
jedi = ">=0.10"
pexpect = "*"
pickleshare = "*"
prompt-toolkit = ">=2.0.0,<2.1.0"
pygments = "*"
setuptools = ">=18.5"
traitlets = ">=4.2"

[package.extras]
all = ["qtconsole", "ipykernel", "testpath", "pygments", "nbformat", "numpy", "ipyparallel", "Sphinx (>=1.3)", "notebook", "nbconvert", "ipywidgets", "nose (>=0.10.1)", "requests"]
doc = ["Sphinx (>=1.3)"]
kernel = ["ipykernel"]
nbconvert = ["nbconvert"]
nbformat = ["nbformat"]
notebook = ["notebook", "ipywidgets"]
parallel = ["ipyparallel"]
qtconsole = ["qtconsole"]
test = ["nose (>=0.10.1)", "requests", "testpath", "pygments", "nbformat", "ipykernel", "numpy"]

[[package]]
category = "dev"
description = "Vestigial utilities from IPython"
name = "ipython-genutils"
optional = false
python-versions = "*"
version = "0.2.0"

[[package]]
category = "main"
description = "Various helpers to pass data to untrusted environments and back."
name = "itsdangerous"
optional = false
python-versions = ">=2.7, !=3.0.*, !=3.1.*, !=3.2.*, !=3.3.*"
version = "1.1.0"

[[package]]
category = "dev"
description = "An autocompletion tool for Python that can be used for text editors."
name = "jedi"
optional = false
python-versions = ">=2.7, !=3.0.*, !=3.1.*, !=3.2.*, !=3.3.*"
version = "0.13.3"

[package.dependencies]
parso = ">=0.3.0"

[package.extras]
testing = ["colorama", "docopt", "pytest (>=3.1.0)"]

[[package]]
category = "main"
description = "A small but fast and easy to use stand-alone template engine written in pure python."
name = "jinja2"
optional = false
python-versions = "*"
version = "2.10"

[package.dependencies]
MarkupSafe = ">=0.23"

[package.extras]
i18n = ["Babel (>=0.8)"]

[[package]]
category = "main"
description = "Load me later. A lazy plugin management system."
name = "lml"
optional = false
python-versions = "*"
version = "0.0.9"

[[package]]
category = "main"
description = "Safely add untrusted strings to HTML/XML markup."
name = "markupsafe"
optional = false
python-versions = ">=2.7,!=3.0.*,!=3.1.*,!=3.2.*,!=3.3.*"
version = "1.1.1"

[[package]]
category = "main"
description = "A lightweight library for converting complex datatypes to and from native Python datatypes."
name = "marshmallow"
optional = false
python-versions = "*"
version = "3.0.0rc5"

[package.extras]
dev = ["python-dateutil (>=2.7.0)", "simplejson", "pytest", "pytz", "flake8 (3.7.7)", "pre-commit (1.14.4)", "tox"]
lint = ["flake8 (3.7.7)", "pre-commit (1.14.4)"]
reco = ["python-dateutil (>=2.7.0)", "simplejson"]
tests = ["pytest", "pytz"]

[[package]]
category = "main"
description = "SQLAlchemy integration with the marshmallow (de)serialization library"
name = "marshmallow-sqlalchemy"
optional = false
python-versions = "*"
version = "0.16.1"

[package.dependencies]
SQLAlchemy = ">=0.9.7"
marshmallow = ">=2.0.0"

[package.extras]
dev = ["pytest", "mock", "flake8 (3.7.7)", "pre-commit (1.14.4)", "tox", "flake8-bugbear (18.8.0)"]
lint = ["flake8 (3.7.7)", "pre-commit (1.14.4)", "flake8-bugbear (18.8.0)"]
tests = ["pytest", "mock"]

[[package]]
category = "dev"
description = "More routines for operating on iterables, beyond itertools"
marker = "python_version > \"2.7\""
name = "more-itertools"
optional = false
python-versions = ">=3.4"
version = "7.0.0"

[[package]]
category = "dev"
description = "MessagePack (de)serializer."
name = "msgpack"
optional = false
python-versions = "*"
version = "0.6.1"

[[package]]
category = "dev"
description = "Transition packgage for pynvim"
name = "neovim"
optional = false
python-versions = "*"
version = "0.3.1"

[package.dependencies]
pynvim = ">=0.3.1"

[[package]]
category = "dev"
description = "A Python Parser"
name = "parso"
optional = false
python-versions = "*"
version = "0.3.4"

[package.extras]
testing = ["docopt", "pytest (>=3.0.7)"]

[[package]]
category = "dev"
description = "Pexpect allows easy control of interactive console applications."
marker = "python_version >= \"3.4\" and sys_platform != \"win32\" or sys_platform != \"win32\""
name = "pexpect"
optional = false
python-versions = "*"
version = "4.6.0"

[package.dependencies]
ptyprocess = ">=0.5"

[[package]]
category = "dev"
description = "Tiny 'shelve'-like database with concurrency support"
name = "pickleshare"
optional = false
python-versions = "*"
version = "0.7.5"

[[package]]
category = "dev"
description = "plugin and hook calling mechanisms for python"
name = "pluggy"
optional = false
python-versions = ">=2.7, !=3.0.*, !=3.1.*, !=3.2.*, !=3.3.*"
version = "0.9.0"

[package.extras]
dev = ["pre-commit", "tox"]

[[package]]
category = "dev"
description = "Library for building powerful interactive command lines in Python"
name = "prompt-toolkit"
optional = false
python-versions = "*"
version = "2.0.9"

[package.dependencies]
six = ">=1.9.0"
wcwidth = "*"

[[package]]
category = "dev"
description = "Run a subprocess in a pseudo terminal"
marker = "python_version >= \"3.4\" and sys_platform != \"win32\" or sys_platform != \"win32\""
name = "ptyprocess"
optional = false
python-versions = "*"
version = "0.6.0"

[[package]]
category = "dev"
description = "library with cross-python path, ini-parsing, io, code, log facilities"
name = "py"
optional = false
python-versions = ">=2.7, !=3.0.*, !=3.1.*, !=3.2.*, !=3.3.*"
version = "1.8.0"

[[package]]
category = "main"
description = "A wrapper library that provides one API to read, manipulate and writedata in different excel formats"
name = "pyexcel"
optional = false
python-versions = "*"
version = "0.5.13"

[package.dependencies]
lml = ">=0.0.4"
pyexcel-io = ">=0.5.11"
texttable = ">=0.8.2"

[package.extras]
ods = ["pyexcel-ods3 (>=0.5.0)"]
xls = ["pyexcel-xls (>=0.5.0)"]
xlsx = ["pyexcel-xlsx (>=0.5.0)"]

[[package]]
category = "main"
description = "A python library to read and write structured data in csv, zipped csvformat and to/from databases"
name = "pyexcel-io"
optional = false
python-versions = "*"
version = "0.5.17"

[package.dependencies]
lml = ">=0.0.4"

[package.extras]
ods = ["pyexcel-ods3 (>=0.5.0)"]
xls = ["pyexcel-xls (>=0.5.0)"]
xlsx = ["pyexcel-xlsx (>=0.5.0)"]

[[package]]
category = "main"
description = "A generic request and response interface for pyexcel web extensions."
name = "pyexcel-webio"
optional = false
python-versions = "*"
version = "0.1.4"

[package.dependencies]
pyexcel = ">=0.5.6"

[[package]]
category = "dev"
description = "Pygments is a syntax highlighting package written in Python."
name = "pygments"
optional = false
python-versions = "*"
version = "2.3.1"

[[package]]
category = "main"
description = "JSON Web Token implementation in Python"
name = "pyjwt"
optional = false
python-versions = "*"
version = "1.7.1"

[package.extras]
crypto = ["cryptography (>=1.4)"]
flake8 = ["flake8", "flake8-import-order", "pep8-naming"]
test = ["pytest (>=4.0.1,<5.0.0)", "pytest-cov (>=2.6.0,<3.0.0)", "pytest-runner (>=4.2,<5.0.0)"]

[[package]]
category = "dev"
description = "Python client to neovim"
name = "pynvim"
optional = false
python-versions = "*"
version = "0.3.2"

[package.dependencies]
greenlet = "*"
msgpack = ">=0.5.0"

[package.extras]
pyuv = ["pyuv (>=1.0.0)"]
test = ["pytest (>=3.4.0)"]

[[package]]
category = "dev"
description = "pytest: simple powerful testing with Python"
name = "pytest"
optional = false
python-versions = ">=2.7, !=3.0.*, !=3.1.*, !=3.2.*, !=3.3.*"
version = "4.4.0"

[package.dependencies]
atomicwrites = ">=1.0"
attrs = ">=17.4.0"
colorama = "*"
pluggy = ">=0.9"
py = ">=1.5.0"
setuptools = "*"
six = ">=1.10.0"

[package.dependencies.more-itertools]
python = ">2.7"
version = ">=4.0.0"

[package.extras]
testing = ["argcomplete", "hypothesis (>=3.56)", "nose", "requests", "mock"]

[[package]]
category = "main"
description = "Python 2 and 3 compatibility utilities"
name = "six"
optional = false
python-versions = ">=2.6, !=3.0.*, !=3.1.*"
version = "1.12.0"

[[package]]
category = "main"
description = "Database Abstraction Library"
name = "sqlalchemy"
optional = false
python-versions = ">=2.7, !=3.0.*, !=3.1.*, !=3.2.*, !=3.3.*"
version = "1.3.2"

[package.extras]
mssql = ["pyodbc"]
mssql_pymssql = ["pymssql"]
mssql_pyodbc = ["pyodbc"]
mysql = ["mysqlclient"]
oracle = ["cx-oracle"]
postgresql = ["psycopg2"]
postgresql_pg8000 = ["pg8000"]
postgresql_psycopg2binary = ["psycopg2-binary"]
postgresql_psycopg2cffi = ["psycopg2cffi"]
pymysql = ["pymysql"]

[[package]]
category = "main"
description = "module for creating simple ASCII tables"
name = "texttable"
optional = false
python-versions = "*"
version = "1.6.1"

[[package]]
category = "dev"
description = "Traitlets Python config system"
name = "traitlets"
optional = false
python-versions = "*"
version = "4.3.2"

[package.dependencies]
decorator = "*"
ipython-genutils = "*"
six = "*"

[package.extras]
test = ["pytest", "mock"]

[[package]]
category = "dev"
description = "Measures number of Terminal column cells of wide-character codes"
name = "wcwidth"
optional = false
python-versions = "*"
version = "0.1.7"

[[package]]
category = "main"
description = "Declarative parsing and validation of HTTP request objects, with built-in support for popular web frameworks, including Flask, Django, Bottle, Tornado, Pyramid, webapp2, Falcon, and aiohttp."
name = "webargs"
optional = false
python-versions = "*"
version = "5.2.0"

[package.dependencies]
marshmallow = ">=2.15.2"

[package.extras]
dev = ["pytest", "mock", "webtest (2.0.32)", "Flask (>=0.12.2)", "Django (>=1.11.16)", "bottle (>=0.12.13)", "tornado (>=4.5.2)", "pyramid (>=1.9.1)", "webapp2 (>=3.0.0b1)", "falcon (>=1.4.0)", "flake8 (3.6.0)", "pre-commit (1.13.0)", "tox", "webtest-aiohttp (2.0.0)", "pytest-aiohttp (>=0.3.0)", "aiohttp (>=3.0.0)", "mypy (0.650)", "flake8-bugbear (18.8.0)"]
frameworks = ["Flask (>=0.12.2)", "Django (>=1.11.16)", "bottle (>=0.12.13)", "tornado (>=4.5.2)", "pyramid (>=1.9.1)", "webapp2 (>=3.0.0b1)", "falcon (>=1.4.0)", "aiohttp (>=3.0.0)"]
lint = ["flake8 (3.6.0)", "pre-commit (1.13.0)", "mypy (0.650)", "flake8-bugbear (18.8.0)"]
tests = ["pytest", "mock", "webtest (2.0.32)", "Flask (>=0.12.2)", "Django (>=1.11.16)", "bottle (>=0.12.13)", "tornado (>=4.5.2)", "pyramid (>=1.9.1)", "webapp2 (>=3.0.0b1)", "falcon (>=1.4.0)", "webtest-aiohttp (2.0.0)", "pytest-aiohttp (>=0.3.0)", "aiohttp (>=3.0.0)"]

[[package]]
category = "main"
description = "The comprehensive WSGI web application library."
name = "werkzeug"
optional = false
python-versions = ">=2.7, !=3.0.*, !=3.1.*, !=3.2.*, !=3.3.*"
version = "0.15.2"

[package.extras]
dev = ["pytest", "coverage", "tox", "sphinx", "pallets-sphinx-themes", "sphinx-issues"]
termcolor = ["termcolor"]
watchdog = ["watchdog"]

[[package]]
category = "main"
description = "A flexible forms validation and rendering library for Python web development."
name = "wtforms"
optional = false
python-versions = "*"
version = "2.2.1"

[package.extras]
locale = ["Babel (>=1.3)"]

[metadata]
content-hash = "a0eab7d091c7508e1a89dbf1548e669e4597dd1e5219952c0b21edffbfd945df"
python-versions = "^3.7"

[metadata.hashes]
apispec = ["6746a57f1395fc201d06b051e43e8a7fdd23138607ebbeabdfcc6477bc3cc956", "f0a5ddaee255eebeda8e84659028c3523b7801c7023f9364972035d36b23d734"]
appnope = ["5b26757dc6f79a3b7dc9fab95359328d5747fcb2409d331ea66d0272b90ab2a0", "8b995ffe925347a2138d7ac0fe77155e4311a0ea6d6da4f5128fe4b3cbe5ed71"]
atomicwrites = ["03472c30eb2c5d1ba9227e4c2ca66ab8287fbfbbda3888aa93dc2e28fc6811b4", "75a9445bac02d8d058d5e1fe689654ba5a6556a1dfd8ce6ec55a0ed79866cfa6"]
attrs = ["69c0dbf2ed392de1cb5ec704444b08a5ef81680a61cb899dc08127123af36a79", "f0b870f674851ecbfbbbd364d6b5cbdff9dcedbc7f3f5e18a6891057f21fe399"]
backcall = ["38ecd85be2c1e78f77fd91700c76e14667dc21e2713b63876c0eb901196e01e4", "bbbf4b1e5cd2bdb08f915895b51081c041bac22394fdfcfdfbe9f14b77c08bf2"]
click = ["2335065e6395b9e67ca716de5f7526736bfa6ceead690adf616d925bdc622b13", "5b94b49521f6456670fdb30cd82a4eca9412788a93fa6dd6df72c94d5a8ff2d7"]
colorama = ["05eed71e2e327246ad6b38c540c4a3117230b19679b875190486ddd2d721422d", "f8ac84de7840f5b9c4e3347b3c1eaa50f7e49c2b07596221daec5edaabbd7c48"]
decorator = ["86156361c50488b84a3f148056ea716ca587df2f0de1d34750d35c21312725de", "f069f3a01830ca754ba5258fde2278454a0b5b79e0d7f5c13b3b97e57d4acff6"]
flask = ["2271c0070dbcb5275fad4a82e29f23ab92682dc45f9dfbc22c02ba9b9322ce48", "a080b744b7e345ccfcbc77954861cb05b3c63786e93f2b3875e0913d44b43f05"]
flask-admin = ["ca0be6ec11a6913b73f656c65c444ae5be416c57c75638dd3199376ce6bc7422"]
flask-cors = ["7ad56ee3b90d4955148fc25a2ecaa1124fc84298471e266a7fea59aeac4405a5", "7e90bf225fdf163d11b84b59fb17594d0580a16b97ab4e1146b1fb2737c1cfec"]
flask-excel = ["260b88c9101de78b00abbdae161e84f6466d24e1c5081583764877e8a26085cc", "b82ddfe6319ecf2f796ada9966737ac8eaf9a99d6bce773f8acdc08acd7e9fae"]
flask-jwt-extended = ["68035dba637fd58c0f0b308e49103cba7f6977aa301d958ddbd7b811a91c6dec"]
flask-rest-api = []
flask-shell-ipython = ["1a5a9f5479ff9380528ff1896c000160fc2195d9a37b8e4cdd218fc0ce594738", "349b755e17c99f021458250ae18fa234459f35e13a4db82189036b19b14ee1d6"]
flask-sqlalchemy = ["3bc0fac969dd8c0ace01b32060f0c729565293302f0c4269beed154b46bec50b", "5971b9852b5888655f11db634e87725a9031e170f37c0ce7851cf83497f56e53"]
greenlet = ["000546ad01e6389e98626c1367be58efa613fa82a1be98b0c6fc24b563acc6d0", "0d48200bc50cbf498716712129eef819b1729339e34c3ae71656964dac907c28", "23d12eacffa9d0f290c0fe0c4e81ba6d5f3a5b7ac3c30a5eaf0126bf4deda5c8", "37c9ba82bd82eb6a23c2e5acc03055c0e45697253b2393c9a50cef76a3985304", "51503524dd6f152ab4ad1fbd168fc6c30b5795e8c70be4410a64940b3abb55c0", "8041e2de00e745c0e05a502d6e6db310db7faa7c979b3a5877123548a4c0b214", "81fcd96a275209ef117e9ec91f75c731fa18dcfd9ffaa1c0adbdaa3616a86043", "853da4f9563d982e4121fed8c92eea1a4594a2299037b3034c3c898cb8e933d6", "8b4572c334593d449113f9dc8d19b93b7b271bdbe90ba7509eb178923327b625", "9416443e219356e3c31f1f918a91badf2e37acf297e2fa13d24d1cc2380f8fbc", "9854f612e1b59ec66804931df5add3b2d5ef0067748ea29dc60f0efdcda9a638", "99a26afdb82ea83a265137a398f570402aa1f2b5dfb4ac3300c026931817b163", "a19bf883b3384957e4a4a13e6bd1ae3d85ae87f4beb5957e35b0be287f12f4e4", "a9f145660588187ff835c55a7d2ddf6abfc570c2651c276d3d4be8a2766db490", "ac57fcdcfb0b73bb3203b58a14501abb7e5ff9ea5e2edfa06bb03035f0cff248", "bcb530089ff24f6458a81ac3fa699e8c00194208a724b644ecc68422e1111939", "beeabe25c3b704f7d56b573f7d2ff88fc99f0138e43480cecdfcaa3b87fe4f87", "d634a7ea1fc3380ff96f9e44d8d22f38418c1c381d5fac680b272d7d90883720", "d97b0661e1aead761f0ded3b769044bb00ed5d33e1ec865e891a8b128bf7c656"]
ipdb = ["dce2112557edfe759742ca2d0fee35c59c97b0cc7a05398b791079d78f1519ce"]
ipython = ["b038baa489c38f6d853a3cfc4c635b0cda66f2864d136fe8f40c1a6e334e2a6b", "f5102c1cd67e399ec8ea66bcebe6e3968ea25a8977e53f012963e5affeb1fe38"]
ipython-genutils = ["72dd37233799e619666c9f639a9da83c34013a73e8bbc79a7a6348d93c61fab8", "eb2e116e75ecef9d4d228fdc66af54269afa26ab4463042e33785b887c628ba8"]
itsdangerous = ["321b033d07f2a4136d3ec762eac9f16a10ccd60f53c0c91af90217ace7ba1f19", "b12271b2047cb23eeb98c8b5622e2e5c5e9abd9784a153e9d8ef9cb4dd09d749"]
jedi = ["2bb0603e3506f708e792c7f4ad8fc2a7a9d9c2d292a358fbbd58da531695595b", "2c6bcd9545c7d6440951b12b44d373479bf18123a401a52025cf98563fbd826c"]
jinja2 = ["74c935a1b8bb9a3947c50a54766a969d4846290e1e788ea44c1392163723c3bd", "f84be1bb0040caca4cea721fcbbbbd61f9be9464ca236387158b0feea01914a4"]
lml = ["b1bef669dc077a1075fa64b99229b6341085b3b3a98d29c66df1853cc14e6c1a", "ea5ba817b4adc9e9f5c21725cd2475f912933b7e2dfdf0792aed80077154f63f"]
markupsafe = ["00bc623926325b26bb9605ae9eae8a215691f33cae5df11ca5424f06f2d1f473", "09027a7803a62ca78792ad89403b1b7a73a01c8cb65909cd876f7fcebd79b161", "09c4b7f37d6c648cb13f9230d847adf22f8171b1ccc4d5682398e77f40309235", "1027c282dad077d0bae18be6794e6b6b8c91d58ed8a8d89a89d59693b9131db5", "24982cc2533820871eba85ba648cd53d8623687ff11cbb805be4ff7b4c971aff", "29872e92839765e546828bb7754a68c418d927cd064fd4708fab9fe9c8bb116b", "43a55c2930bbc139570ac2452adf3d70cdbb3cfe5912c71cdce1c2c6bbd9c5d1", "46c99d2de99945ec5cb54f23c8cd5689f6d7177305ebff350a58ce5f8de1669e", "500d4957e52ddc3351cabf489e79c91c17f6e0899158447047588650b5e69183", "535f6fc4d397c1563d08b88e485c3496cf5784e927af890fb3c3aac7f933ec66", "62fe6c95e3ec8a7fad637b7f3d372c15ec1caa01ab47926cfdf7a75b40e0eac1", "6dd73240d2af64df90aa7c4e7481e23825ea70af4b4922f8ede5b9e35f78a3b1", "717ba8fe3ae9cc0006d7c451f0bb265ee07739daf76355d06366154ee68d221e", "79855e1c5b8da654cf486b830bd42c06e8780cea587384cf6545b7d9ac013a0b", "7c1699dfe0cf8ff607dbdcc1e9b9af1755371f92a68f706051cc8c37d447c905", "88e5fcfb52ee7b911e8bb6d6aa2fd21fbecc674eadd44118a9cc3863f938e735", "8defac2f2ccd6805ebf65f5eeb132adcf2ab57aa11fdf4c0dd5169a004710e7d", "98c7086708b163d425c67c7a91bad6e466bb99d797aa64f965e9d25c12111a5e", "9add70b36c5666a2ed02b43b335fe19002ee5235efd4b8a89bfcf9005bebac0d", "9bf40443012702a1d2070043cb6291650a0841ece432556f784f004937f0f32c", "ade5e387d2ad0d7ebf59146cc00c8044acbd863725f887353a10df825fc8ae21", "b00c1de48212e4cc9603895652c5c410df699856a2853135b3967591e4beebc2", "b1282f8c00509d99fef04d8ba936b156d419be841854fe901d8ae224c59f0be5", "b2051432115498d3562c084a49bba65d97cf251f5a331c64a12ee7e04dacc51b", "ba59edeaa2fc6114428f1637ffff42da1e311e29382d81b339c1817d37ec93c6", "c8716a48d94b06bb3b2524c2b77e055fb313aeb4ea620c8dd03a105574ba704f", "cd5df75523866410809ca100dc9681e301e3c27567cf498077e8551b6d20e42f", "e249096428b3ae81b08327a63a485ad0878de3fb939049038579ac0ef61e17e7"]
marshmallow = ["e23b8618275225ec111225dc01301e1cc0c3cbb4e41307b35136f891a29d3949", "ea2a241f2ea69bb0863f2c00b907a8e22d7dd8b6d5b9960135906037c9dd7068"]
marshmallow-sqlalchemy = ["2f88d2020af00b8a12406009e8114f55b1788ea89a0bba6f8fbd0afd8de86b8f", "99c50c570b6e89ffc9f9633ce4acb63f9e1bddf36839b07b9ae0f540588d6937"]
more-itertools = ["2112d2ca570bb7c3e53ea1a35cd5df42bb0fd10c45f0fb97178679c3c03d64c7", "c3e4748ba1aad8dba30a4886b0b1a2004f9a863837b8654e7059eebf727afa5a"]
msgpack = ["26cb40116111c232bc235ce131cc3b4e76549088cb154e66a2eb8ff6fcc907ec", "300fd3f2c664a3bf473d6a952f843b4a71454f4c592ed7e74a36b205c1782d28", "3129c355342853007de4a2a86e75eab966119733eb15748819b6554363d4e85c", "31f6d645ee5a97d59d3263fab9e6be76f69fa131cddc0d94091a3c8aca30d67a", "3ce7ef7ee2546c3903ca8c934d09250531b80c6127e6478781ae31ed835aac4c", "4008c72f5ef2b7936447dcb83db41d97e9791c83221be13d5e19db0796df1972", "62bd8e43d204580308d477a157b78d3fee2fb4c15d32578108dc5d89866036c8", "70cebfe08fb32f83051971264466eadf183101e335d8107b80002e632f425511", "72cb7cf85e9df5251abd7b61a1af1fb77add15f40fa7328e924a9c0b6bc7a533", "7c55649965c35eb32c499d17dadfb8f53358b961582846e1bc06f66b9bccc556", "86b963a5de11336ec26bc4f839327673c9796b398b9f1fe6bb6150c2a5d00f0f", "8c73c9bcdfb526247c5e4f4f6cf581b9bb86b388df82cfcaffde0a6e7bf3b43a", "8e68c76c6aff4849089962d25346d6784d38e02baa23ffa513cf46be72e3a540", "97ac6b867a8f63debc64f44efdc695109d541ecc361ee2dce2c8884ab37360a1", "9d4f546af72aa001241d74a79caec278bcc007b4bcde4099994732e98012c858", "a28e69fe5468c9f5251c7e4e7232286d71b7dfadc74f312006ebe984433e9746", "fd509d4aa95404ce8d86b4e32ce66d5d706fd6646c205e1c2a715d87078683a2"]
neovim = ["a6a0e7a5b4433bf4e6ddcbc5c5ff44170be7d84259d002b8e8d8fb4ee78af60f"]
parso = ["4580328ae3f548b358f4901e38c0578229186835f0fa0846e47369796dd5bcc9", "68406ebd7eafe17f8e40e15a84b56848eccbf27d7c1feb89e93d8fca395706db"]
pexpect = ["2a8e88259839571d1251d278476f3eec5db26deb73a70be5ed5dc5435e418aba", "3fbd41d4caf27fa4a377bfd16fef87271099463e6fa73e92a52f92dfee5d425b"]
pickleshare = ["87683d47965c1da65cdacaf31c8441d12b8044cdec9aca500cd78fc2c683afca", "9649af414d74d4df115d5d718f82acb59c9d418196b7b4290ed47a12ce62df56"]
pluggy = ["19ecf9ce9db2fce065a7a0586e07cfb4ac8614fe96edf628a264b1c70116cf8f", "84d306a647cc805219916e62aab89caa97a33a1dd8c342e87a37f91073cd4746"]
prompt-toolkit = ["11adf3389a996a6d45cc277580d0d53e8a5afd281d0c9ec71b28e6f121463780", "2519ad1d8038fd5fc8e770362237ad0364d16a7650fb5724af6997ed5515e3c1", "977c6583ae813a37dc1c2e1b715892461fcbdaa57f6fc62f33a528c4886c8f55"]
ptyprocess = ["923f299cc5ad920c68f2bc0bc98b75b9f838b93b599941a6b63ddbc2476394c0", "d7cc528d76e76342423ca640335bd3633420dc1366f258cb31d05e865ef5ca1f"]
py = ["64f65755aee5b381cea27766a3a147c3f15b9b6b9ac88676de66ba2ae36793fa", "dc639b046a6e2cff5bbe40194ad65936d6ba360b52b3c3fe1d08a82dd50b5e53"]
pyexcel = ["06c47c450bee46d8793376ebca6ecec3adaa99a3424aad7d4c19dbb96ce14c51", "f34f4bcc0322ab1f7dccd38b77ecd8f1f7964cf820bdd682494fc47d9f2fb6e3"]
pyexcel-io = ["020a7ac46793710d87928e1cea5c9aa3cd634e70ca5343c73dc1cb9f7de00e94", "ec117cdd25240443953a7a7b9f77230fb6d07a93a9a9a6bc5bc9aff25da1d19c"]
pyexcel-webio = ["039538f1b35351f1632891dde29ef4d7fba744e217678ebb5a501336e28ca265", "3583cf7dcddb747520a8a90e93cf07b0584878b56b3c41c46d132b458a6cfd00"]
pygments = ["5ffada19f6203563680669ee7f53b64dabbeb100eb51b61996085e99c03b284a", "e8218dd399a61674745138520d0d4cf2621d7e032439341bc3f647bff125818d"]
pyjwt = ["5c6eca3c2940464d106b99ba83b00c6add741c9becaec087fb7ccdefea71350e", "8d59a976fb773f3e6a39c85636357c4f0e242707394cadadd9814f5cbaa20e96"]
pynvim = ["cf6490c4e586c9da01a32f3e0ae21c61342d7ea171e06025bda210bdc95cbe05"]
pytest = ["13c5e9fb5ec5179995e9357111ab089af350d788cbc944c628f3cde72285809b", "f21d2f1fb8200830dcbb5d8ec466a9c9120e20d8b53c7585d180125cce1d297a"]
six = ["3350809f0555b11f552448330d0b52d5f24c91a322ea4a15ef22629740f3761c", "d16a0141ec1a18405cd4ce8b4613101da75da0e9a7aec5bdd4fa804d0e0eba73"]
sqlalchemy = ["d5432832f91d200c3d8b473a266d59442d825f9ea744c467e68c5d9a9479fbce"]
texttable = ["2b60a5304ccfbeac80ffae7350d7c2f5d7a24e9aab5036d0f82489746419d9b2"]
traitlets = ["9c4bd2d267b7153df9152698efb1050a5d84982d3384a37b2c1f7723ba3e7835", "c6cb5e6f57c5a9bdaa40fa71ce7b4af30298fbab9ece9815b5d995ab6217c7d9"]
wcwidth = ["3df37372226d6e63e1b1e1eda15c594bca98a22d33a23832a90998faa96bc65e", "f4ebe71925af7b40a864553f761ed559b43544f8f71746c2d756c7fe788ade7c"]
webargs = ["15ddf90d7bfe05c9db87c9f22215cacc1228da98a8e7bd62508d9d8020935123", "75c568581af6ef6345156fc8621a7735ce6846bf9d7ec058aa6ea9cc3a620580", "e2381557f0a5e4db37dbbddc2833b0f3aa6dca58b5ced4ca6b14620f685a643f"]
werkzeug = ["0a73e8bb2ff2feecfc5d56e6f458f5b99290ef34f565ffb2665801ff7de6af7a", "7fad9770a8778f9576693f0cc29c7dcc36964df916b83734f4431c0e612a7fbc"]
wtforms = ["0cdbac3e7f6878086c334aa25dc5a33869a3954e9d1e015130d65a69309b3b61", "e3ee092c827582c50877cdbd49e9ce6d2c5c1f6561f849b3b068c1b8029626f1"]
